
Microsoft Visual Studio Solution File, Format Version 12.00
# Visual Studio Version 16
VisualStudioVersion = 16.0.31205.134
MinimumVisualStudioVersion = 10.0.40219.1
Project("{FAE04EC0-301F-11D3-BF4B-00C04F79EFBC}") = "DurableFunctionsDemo01", "DurableFunctionsDemo01.csproj", "{D53C5AC7-7338-4B2A-BA95-B4990106BAB6}"
EndProject
Global
	GlobalSection(SolutionConfigurationPlatforms) = preSolution
		Debug|Any CPU = Debug|Any CPU
		Release|Any CPU = Release|Any CPU
	EndGlobalSection
	GlobalSection(ProjectConfigurationPlatforms) = postSolution
		{D53C5AC7-7338-4B2A-BA95-B4990106BAB6}.Debug|Any CPU.ActiveCfg = Debug|Any CPU
		{D53C5AC7-7338-4B2A-BA95-B4990106BAB6}.Debug|Any CPU.Build.0 = Debug|Any CPU
		{D53C5AC7-7338-4B2A-BA95-B4990106BAB6}.Release|Any CPU.ActiveCfg = Release|Any CPU
		{D53C5AC7-7338-4B2A-BA95-B4990106BAB6}.Release|Any CPU.Build.0 = Release|Any CPU
	EndGlobalSection
	GlobalSection(SolutionProperties) = preSolution
		HideSolutionNode = FALSE
	EndGlobalSection
	GlobalSection(ExtensibilityGlobals) = postSolution
		SolutionGuid = {F3A6BFDC-BDC6-49CC-B09F-7BBEAA99713F}
	EndGlobalSection
EndGlobal
